<?xml version="1.0" encoding="utf-8"?>
<Project ToolsVersion="4.0" xmlns="http://schemas.microsoft.com/developer/msbuild/2003">
  <ItemGroup>
    <Filter Include="源文件">
      <UniqueIdentifier>{4FC737F1-C7A5-4376-A066-2A32D752A2FF}</UniqueIdentifier>
      <Extensions>cpp;c;cc;cxx;c++;cppm;ixx;def;odl;idl;hpj;bat;asm;asmx</Extensions>
    </Filter>
    <Filter Include="头文件">
      <UniqueIdentifier>{93995380-89BD-4b04-88EB-625FBE52EBFB}</UniqueIdentifier>
      <Extensions>h;hh;hpp;hxx;h++;hm;inl;inc;ipp;xsd</Extensions>
    </Filter>
    <Filter Include="资源文件">
      <UniqueIdentifier>{67DA6AB6-F800-4c08-8B7A-83BB121AAD01}</UniqueIdentifier>
      <Extensions>rc;ico;cur;bmp;dlg;rc2;rct;bin;rgs;gif;jpg;jpeg;jpe;resx;tiff;tif;png;wav;mfcribbon-ms</Extensions>
    </Filter>
  </ItemGroup>
  <ItemGroup>
    <ClCompile Include="GdiplusUI\dllmain.cpp">
      <Filter>源文件</Filter>
    </ClCompile>
    <ClCompile Include="GdiplusUI\Components\Frame.cpp">
      <Filter>源文件</Filter>
    </ClCompile>
    <ClCompile Include="GdiplusUI\Components\Screen.cpp">
      <Filter>源文件</Filter>
    </ClCompile>
    <ClCompile Include="GdiplusUI\Components\Control.cpp">
      <Filter>源文件</Filter>
    </ClCompile>
    <ClCompile Include="GdiplusUI\Generic.h">
      <Filter>源文件</Filter>
    </ClCompile>
    <ClCompile Include="GdiplusUI\RenderManager.cpp">
      <Filter>源文件</Filter>
    </ClCompile>
    <ClCompile Include="GdiplusUI\Interface.cpp">
      <Filter>源文件</Filter>
    </ClCompile>
    <ClCompile Include="GdiplusUI\Utils\GdiplusUtils.cpp">
      <Filter>源文件</Filter>
    </ClCompile>
    <ClCompile Include="GdiplusUI\LogicManager.cpp">
      <Filter>源文件</Filter>
    </ClCompile>
    <ClCompile Include="GdiplusUI\Utils\WindowsUtils.cpp">
      <Filter>源文件</Filter>
    </ClCompile>
    <ClCompile Include="GdiplusUI\Utils\RegeditUtils.cpp">
      <Filter>源文件</Filter>
    </ClCompile>
    <ClCompile Include="GdiplusUI\ResourceManager.cpp">
      <Filter>源文件</Filter>
    </ClCompile>
    <ClCompile Include="GdiplusUI\Includes\PugiXML\pugixml.cpp">
      <Filter>源文件</Filter>
    </ClCompile>
  </ItemGroup>
  <ItemGroup>
    <ClInclude Include="GdiplusUI\gdiplusUI.h">
      <Filter>头文件</Filter>
    </ClInclude>
    <ClInclude Include="GdiplusUI\Components\Frame.h">
      <Filter>头文件</Filter>
    </ClInclude>
    <ClInclude Include="GdiplusUI\Components\Screen.h">
      <Filter>头文件</Filter>
    </ClInclude>
    <ClInclude Include="GdiplusUI\Components\Control.h">
      <Filter>头文件</Filter>
    </ClInclude>
    <ClInclude Include="GdiplusUI\RenderManager.h">
      <Filter>头文件</Filter>
    </ClInclude>
    <ClInclude Include="GdiplusUI\Interface.h">
      <Filter>头文件</Filter>
    </ClInclude>
    <ClInclude Include="GdiplusUI\Utils\GdiplusUtils.h">
      <Filter>头文件</Filter>
    </ClInclude>
    <ClInclude Include="GdiplusUI\LogicManager.h">
      <Filter>头文件</Filter>
    </ClInclude>
    <ClInclude Include="GdiplusUI\Utils\WindowsUtils.h">
      <Filter>头文件</Filter>
    </ClInclude>
    <ClInclude Include="GdiplusUI\Utils\RegeditUtils.h">
      <Filter>头文件</Filter>
    </ClInclude>
    <ClInclude Include="GdiplusUI\ResourceManager.h">
      <Filter>头文件</Filter>
    </ClInclude>
    <ClInclude Include="GdiplusUI\Includes\RapidXML\rapidxml.hpp">
      <Filter>头文件</Filter>
    </ClInclude>
    <ClInclude Include="GdiplusUI\Includes\RapidXML\rapidxml_utils.hpp">
      <Filter>头文件</Filter>
    </ClInclude>
    <ClInclude Include="GdiplusUI\Includes\RapidXML\rapidxml_print.hpp">
      <Filter>头文件</Filter>
    </ClInclude>
    <ClInclude Include="GdiplusUI\Includes\RapidXML\rapidxml_iterators.hpp">
      <Filter>头文件</Filter>
    </ClInclude>
    <ClInclude Include="GdiplusUI\Includes\PugiXML\pugixml.hpp">
      <Filter>头文件</Filter>
    </ClInclude>
    <ClInclude Include="GdiplusUI\Includes\PugiXML\pugiconfig.hpp">
      <Filter>头文件</Filter>
    </ClInclude>
    <ClInclude Include="GdiplusUI\UIConfig.h">
      <Filter>头文件</Filter>
    </ClInclude>
  </ItemGroup>
  <ItemGroup>
    <None Include=".clang-format" />
    <None Include=".clang-tidy" />
    <None Include="ClassDiagram.cd" />
    <None Include="Theme\Default.xml.theme" />
  </ItemGroup>
</Project>